// !$*UTF8*$!
{
	archiveVersion = 1;
	classes = {
	};
	objectVersion = 39;
	objects = {
		06F27B2DFFEEEFEF11CA0E56 = {
			isa = PBXFileReference;
			lastKnownFileType = wrapper.framework;
			name = ScreenSaver.framework;
			path = /System/Library/Frameworks/ScreenSaver.framework;
			refType = 0;
			sourceTree = "<absolute>";
		};
		06F27B30FFEEEFEF11CA0E56 = {
			buildSettings = {
				COPY_PHASE_STRIP = NO;
				DEBUGGING_SYMBOLS = YES;
				GCC_DYNAMIC_NO_PIC = NO;
				GCC_ENABLE_FIX_AND_CONTINUE = YES;
				GCC_GENERATE_DEBUGGING_SYMBOLS = YES;
				GCC_OPTIMIZATION_LEVEL = 0;
				OPTIMIZATION_CFLAGS = "-O0";
				ZERO_LINK = YES;
			};
			isa = PBXBuildStyle;
			name = Development;
		};
		06F27B31FFEEEFEF11CA0E56 = {
			buildSettings = {
				COPY_PHASE_STRIP = YES;
				GCC_ENABLE_FIX_AND_CONTINUE = NO;
				ZERO_LINK = NO;
			};
			isa = PBXBuildStyle;
			name = Deployment;
		};
//060
//061
//062
//063
//064
//080
//081
//082
//083
//084
		089C1669FE841209C02AAC07 = {
			buildSettings = {
			};
			buildStyles = (
				06F27B30FFEEEFEF11CA0E56,
				06F27B31FFEEEFEF11CA0E56,
			);
			hasScannedForEncodings = 1;
			isa = PBXProject;
			mainGroup = 089C166AFE841209C02AAC07;
			projectDirPath = "";
			targets = (
				8D255AC50486D3F9007BF209,
				4B479BFF05DAD19000922F7A,
			);
		};
		089C166AFE841209C02AAC07 = {
			children = (
				4B85C43E05DAD63400459B7C,
				4B85C45705DAD66400459B7C,
				08FB77AFFE84173DC02AAC07,
				32DBCFA70370C4F300C91783,
				089C167CFE841241C02AAC07,
				089C1671FE841209C02AAC07,
				19C28FB8FE9D52D311CA2CBB,
				4B479C0205DAD19000922F7A,
			);
			isa = PBXGroup;
			name = CocoaHedron;
			refType = 4;
			sourceTree = "<group>";
		};
		089C1671FE841209C02AAC07 = {
			children = (
				1058C7ACFEA557BF11CA2CBB,
				1058C7AEFEA557BF11CA2CBB,
			);
			isa = PBXGroup;
			name = "Frameworks and Libraries";
			refType = 4;
			sourceTree = "<group>";
		};
		089C1672FE841209C02AAC07 = {
			isa = PBXFileReference;
			lastKnownFileType = wrapper.framework;
			name = Foundation.framework;
			path = /System/Library/Frameworks/Foundation.framework;
			refType = 0;
			sourceTree = "<absolute>";
		};
		089C167CFE841241C02AAC07 = {
			children = (
				4B2692AB05E157BA001CFF8F,
				4B7BB48805DFE57C00611E84,
				4B5A74FF05DAEAF50096D5A3,
				4B85C42E05DAD44200459B7C,
				4B85C42B05DAD43300459B7C,
				8D255AD20486D3F9007BF209,
				089C167DFE841241C02AAC07,
			);
			isa = PBXGroup;
			name = Resources;
			refType = 4;
			sourceTree = "<group>";
		};
		089C167DFE841241C02AAC07 = {
			children = (
				089C167EFE841241C02AAC07,
			);
			isa = PBXVariantGroup;
			name = InfoPlist.strings;
			refType = 4;
			sourceTree = "<group>";
		};
		089C167EFE841241C02AAC07 = {
			fileEncoding = 10;
			isa = PBXFileReference;
			lastKnownFileType = text.plist.strings;
			name = English;
			path = English.lproj/InfoPlist.strings;
			refType = 4;
			sourceTree = "<group>";
		};
		089C167FFE841241C02AAC07 = {
			isa = PBXFileReference;
			lastKnownFileType = wrapper.framework;
			name = AppKit.framework;
			path = /System/Library/Frameworks/AppKit.framework;
			refType = 0;
			sourceTree = "<absolute>";
		};
		08FB77AFFE84173DC02AAC07 = {
			children = (
				4BF098DF05DAF5A4008E4BAC,
				4B5A750605DAF43C0096D5A3,
				4BF098DC05DAF592008E4BAC,
				4B5A750305DAF42E0096D5A3,
				4B85C48405DAD6F800459B7C,
				4B85C48505DAD6F800459B7C,
				4B85C47E05DAD6DA00459B7C,
				4B85C47F05DAD6DA00459B7C,
			);
			isa = PBXGroup;
			name = Classes;
			refType = 4;
			sourceTree = "<group>";
		};
//080
//081
//082
//083
//084
//100
//101
//102
//103
//104
		1058C7ACFEA557BF11CA2CBB = {
			children = (
				1058C7ADFEA557BF11CA2CBB,
				06F27B2DFFEEEFEF11CA0E56,
			);
			isa = PBXGroup;
			name = "Linked Frameworks";
			refType = 4;
			sourceTree = "<group>";
		};
		1058C7ADFEA557BF11CA2CBB = {
			isa = PBXFileReference;
			lastKnownFileType = wrapper.framework;
			name = Cocoa.framework;
			path = /System/Library/Frameworks/Cocoa.framework;
			refType = 0;
			sourceTree = "<absolute>";
		};
		1058C7AEFEA557BF11CA2CBB = {
			children = (
				4B85C46A05DAD6A700459B7C,
				089C1672FE841209C02AAC07,
				089C167FFE841241C02AAC07,
			);
			isa = PBXGroup;
			name = "Other Frameworks";
			refType = 4;
			sourceTree = "<group>";
		};
//100
//101
//102
//103
//104
//190
//191
//192
//193
//194
		19C28FB8FE9D52D311CA2CBB = {
			children = (
				8D255AD30486D3F9007BF209,
				4B479C0005DAD19000922F7A,
			);
			isa = PBXGroup;
			name = Products;
			refType = 4;
			sourceTree = "<group>";
		};
//190
//191
//192
//193
//194
//320
//321
//322
//323
//324
		32DBCFA70370C4F300C91783 = {
			children = (
				4B479C0D05DAD21100922F7A,
				32DBCFA80370C50100C91783,
			);
			isa = PBXGroup;
			name = "Other Sources";
			refType = 4;
			sourceTree = "<group>";
		};
		32DBCFA80370C50100C91783 = {
			fileEncoding = 4;
			isa = PBXFileReference;
			lastKnownFileType = sourcecode.c.h;
			path = CocoaHedron_Prefix.pch;
			refType = 4;
			sourceTree = "<group>";
		};
//320
//321
//322
//323
//324
//4B0
//4B1
//4B2
//4B3
//4B4
		4B1D32D505DE71A10026C6C6 = {
			fileEncoding = 4;
			isa = PBXFileReference;
			lastKnownFileType = sourcecode.c.h;
			path = FFsine.h;
			refType = 4;
			sourceTree = "<group>";
		};
		4B1D32D605DE71A10026C6C6 = {
			fileEncoding = 4;
			isa = PBXFileReference;
			lastKnownFileType = sourcecode.c.c;
			path = FFsine.c;
			refType = 4;
			sourceTree = "<group>";
		};
		4B1D32D705DE71A10026C6C6 = {
			fileRef = 4B1D32D505DE71A10026C6C6;
			isa = PBXBuildFile;
			settings = {
			};
		};
		4B1D32D805DE71A10026C6C6 = {
			fileRef = 4B1D32D605DE71A10026C6C6;
			isa = PBXBuildFile;
			settings = {
			};
		};
		4B1D32D905DE71A10026C6C6 = {
			fileRef = 4B1D32D505DE71A10026C6C6;
			isa = PBXBuildFile;
			settings = {
			};
		};
		4B1D32DA05DE71A10026C6C6 = {
			fileRef = 4B1D32D605DE71A10026C6C6;
			isa = PBXBuildFile;
			settings = {
			};
		};
		4B1D32E205DE76100026C6C6 = {
			fileEncoding = 30;
			isa = PBXFileReference;
			lastKnownFileType = sourcecode.c.h;
			path = FFSineController.h;
			refType = 4;
			sourceTree = "<group>";
		};
		4B1D32E305DE76100026C6C6 = {
			fileEncoding = 30;
			isa = PBXFileReference;
			lastKnownFileType = sourcecode.c.objc;
			path = FFSineController.m;
			refType = 4;
			sourceTree = "<group>";
		};
		4B1D32E405DE76100026C6C6 = {
			fileRef = 4B1D32E205DE76100026C6C6;
			isa = PBXBuildFile;
			settings = {
			};
		};
		4B1D32E505DE76100026C6C6 = {
			fileRef = 4B1D32E305DE76100026C6C6;
			isa = PBXBuildFile;
			settings = {
			};
		};
		4B2692AB05E157BA001CFF8F = {
			isa = PBXFileReference;
			lastKnownFileType = image.icns;
			path = CocoaHedron.icns;
			refType = 4;
			sourceTree = "<group>";
		};
		4B2692AC05E157BA001CFF8F = {
			fileRef = 4B2692AB05E157BA001CFF8F;
			isa = PBXBuildFile;
			settings = {
			};
		};
		4B2692AD05E157BA001CFF8F = {
			fileRef = 4B2692AB05E157BA001CFF8F;
			isa = PBXBuildFile;
			settings = {
			};
		};
		4B479BFB05DAD19000922F7A = {
			buildActionMask = 2147483647;
			files = (
				4B479C0C05DAD1FF00922F7A,
				4B5A74F705DAE3EF0096D5A3,
				4B5A74F505DAE3EF0096D5A3,
				4B5A74F405DAE3EF0096D5A3,
				4B5A74F605DAE3EF0096D5A3,
				4B85C49305DAD86B00459B7C,
				4B85C49105DAD86B00459B7C,
				4B5A74F805DAE5760096D5A3,
				4B5A74F905DAE5760096D5A3,
				4B5A750705DAF43C0096D5A3,
				4BF098DD05DAF592008E4BAC,
				4B1D32D905DE71A10026C6C6,
				4B1D32E405DE76100026C6C6,
			);
			isa = PBXHeadersBuildPhase;
			runOnlyForDeploymentPostprocessing = 0;
		};
		4B479BFC05DAD19000922F7A = {
			buildActionMask = 2147483647;
			files = (
				4B85C42C05DAD43300459B7C,
				4B85C42F05DAD44200459B7C,
				4B7BB48A05DFE57D00611E84,
				4B2692AD05E157BA001CFF8F,
			);
			isa = PBXResourcesBuildPhase;
			runOnlyForDeploymentPostprocessing = 0;
		};
		4B479BFD05DAD19000922F7A = {
			buildActionMask = 2147483647;
			files = (
				4B5A74F305DAE3BD0096D5A3,
				4B5A74F105DAE3BD0096D5A3,
				4B5A74EC05DADD5C0096D5A3,
				4B5A74F205DAE3BD0096D5A3,
				4B479C0E05DAD21100922F7A,
				4B85C49005DAD86400459B7C,
				4B85C48E05DAD86400459B7C,
				4B5A74FA05DAE5820096D5A3,
				4B5A74FB05DAE5820096D5A3,
				4B5A750505DAF42E0096D5A3,
				4B1D32DA05DE71A10026C6C6,
				4B1D32E505DE76100026C6C6,
			);
			isa = PBXSourcesBuildPhase;
			runOnlyForDeploymentPostprocessing = 0;
		};
		4B479BFE05DAD19000922F7A = {
			buildActionMask = 2147483647;
			files = (
				4BA239F405DD5CD7006A53FB,
				4B479C0305DAD1E600922F7A,
				4B85C46B05DAD6A700459B7C,
			);
			isa = PBXFrameworksBuildPhase;
			runOnlyForDeploymentPostprocessing = 0;
		};
		4B479BFF05DAD19000922F7A = {
			buildPhases = (
				4B479BFB05DAD19000922F7A,
				4B479BFC05DAD19000922F7A,
				4B479BFD05DAD19000922F7A,
				4B479BFE05DAD19000922F7A,
			);
			buildRules = (
			);
			buildSettings = {
				GCC_PRECOMPILE_PREFIX_HEADER = YES;
				GCC_PREFIX_HEADER = CocoaHedron_Prefix.pch;
				GCC_WARN_FOUR_CHARACTER_CONSTANTS = NO;
				GCC_WARN_UNKNOWN_PRAGMAS = NO;
				INFOPLIST_FILE = "CocoaHedron-Info.plist";
				INSTALL_PATH = "$(USER_APPS_DIR)";
				OTHER_CFLAGS = "-DFF_APP";
				OTHER_REZFLAGS = "";
				PRODUCT_NAME = CocoaHedron;
				SECTORDER_FLAGS = "";
				WARNING_CFLAGS = "-Wall";
			};
			dependencies = (
			);
			isa = PBXNativeTarget;
			name = CocoaHedron;
			productName = CocoaHedron;
			productReference = 4B479C0005DAD19000922F7A;
			productSettingsXML = "<?xml version=\"1.0\" encoding=\"UTF-8\"?>
<!DOCTYPE plist PUBLIC \"-//Apple Computer//DTD PLIST 1.0//EN\" \"http://www.apple.com/DTDs/PropertyList-1.0.dtd\">
<plist version=\"1.0\">
<dict>
	<key>CFBundleDevelopmentRegion</key>
	<string>English</string>
	<key>CFBundleExecutable</key>
	<string>CocoaHedron</string>
	<key>CFBundleGetInfoString</key>
	<string></string>
	<key>CFBundleIconFile</key>
	<string></string>
	<key>CFBundleIdentifier</key>
	<string>com.MySoftwareCompany.CocoaHedron</string>
	<key>CFBundleInfoDictionaryVersion</key>
	<string>6.0</string>
	<key>CFBundlePackageType</key>
	<string>APPL</string>
	<key>CFBundleShortVersionString</key>
	<string></string>
	<key>CFBundleSignature</key>
	<string>????</string>
	<key>CFBundleVersion</key>
	<string>1.0.0d1</string>
	<key>NSMainNibFile</key>
	<string>MainMenu</string>
	<key>NSPrincipalClass</key>
	<string>NSApplication</string>
</dict>
</plist>
";
			productType = "com.apple.product-type.application";
		};
		4B479C0005DAD19000922F7A = {
			explicitFileType = wrapper.application;
			includeInIndex = 0;
			isa = PBXFileReference;
			path = CocoaHedron.app;
			refType = 3;
			sourceTree = BUILT_PRODUCTS_DIR;
		};
		4B479C0205DAD19000922F7A = {
			isa = PBXFileReference;
			lastKnownFileType = text.xml;
			name = "CocoaHedron-Info.plist";
			path = "/Volumes/DATA/folkert/Documents/src/osx/CocoaHedron/CocoaHedron-Info.plist";
			refType = 0;
			sourceTree = "<absolute>";
		};
		4B479C0305DAD1E600922F7A = {
			fileRef = 1058C7ADFEA557BF11CA2CBB;
			isa = PBXBuildFile;
			settings = {
			};
		};
		4B479C0C05DAD1FF00922F7A = {
			fileRef = 32DBCFA80370C50100C91783;
			isa = PBXBuildFile;
			settings = {
			};
		};
		4B479C0D05DAD21100922F7A = {
			fileEncoding = 30;
			isa = PBXFileReference;
			lastKnownFileType = sourcecode.c.objc;
			path = main.m;
			refType = 4;
			sourceTree = "<group>";
		};
		4B479C0E05DAD21100922F7A = {
			fileRef = 4B479C0D05DAD21100922F7A;
			isa = PBXBuildFile;
			settings = {
			};
		};
		4B5A74EC05DADD5C0096D5A3 = {
			fileRef = 4B85C43F05DAD65300459B7C;
			isa = PBXBuildFile;
			settings = {
			};
		};
		4B5A74F105DAE3BD0096D5A3 = {
			fileRef = 4B85C44105DAD65300459B7C;
			isa = PBXBuildFile;
			settings = {
			};
		};
		4B5A74F205DAE3BD0096D5A3 = {
			fileRef = 4B85C44305DAD65300459B7C;
			isa = PBXBuildFile;
			settings = {
			};
		};
		4B5A74F305DAE3BD0096D5A3 = {
			fileRef = 4B85C44505DAD65300459B7C;
			isa = PBXBuildFile;
			settings = {
			};
		};
		4B5A74F405DAE3EF0096D5A3 = {
			fileRef = 4B85C44005DAD65300459B7C;
			isa = PBXBuildFile;
			settings = {
			};
		};
		4B5A74F505DAE3EF0096D5A3 = {
			fileRef = 4B85C44205DAD65300459B7C;
			isa = PBXBuildFile;
			settings = {
			};
		};
		4B5A74F605DAE3EF0096D5A3 = {
			fileRef = 4B85C44405DAD65300459B7C;
			isa = PBXBuildFile;
			settings = {
			};
		};
		4B5A74F705DAE3EF0096D5A3 = {
			fileRef = 4B85C44605DAD65300459B7C;
			isa = PBXBuildFile;
			settings = {
			};
		};
		4B5A74F805DAE5760096D5A3 = {
			fileRef = 4B85C48405DAD6F800459B7C;
			isa = PBXBuildFile;
			settings = {
			};
		};
		4B5A74F905DAE5760096D5A3 = {
			fileRef = 4B85C47E05DAD6DA00459B7C;
			isa = PBXBuildFile;
			settings = {
			};
		};
		4B5A74FA05DAE5820096D5A3 = {
			fileRef = 4B85C48505DAD6F800459B7C;
			isa = PBXBuildFile;
			settings = {
			};
		};
		4B5A74FB05DAE5820096D5A3 = {
			fileRef = 4B85C47F05DAD6DA00459B7C;
			isa = PBXBuildFile;
			settings = {
			};
		};
		4B5A74FF05DAEAF50096D5A3 = {
			isa = PBXFileReference;
			lastKnownFileType = wrapper.nib;
			path = ConfigureSheet.nib;
			refType = 4;
			sourceTree = "<group>";
		};
		4B5A750005DAEAF50096D5A3 = {
			fileRef = 4B5A74FF05DAEAF50096D5A3;
			isa = PBXBuildFile;
			settings = {
			};
		};
		4B5A750305DAF42E0096D5A3 = {
			fileEncoding = 30;
			isa = PBXFileReference;
			lastKnownFileType = sourcecode.c.objc;
			path = FFCocoaHedronView.m;
			refType = 4;
			sourceTree = "<group>";
		};
		4B5A750405DAF42E0096D5A3 = {
			fileRef = 4B5A750305DAF42E0096D5A3;
			isa = PBXBuildFile;
			settings = {
			};
		};
		4B5A750505DAF42E0096D5A3 = {
			fileRef = 4B5A750305DAF42E0096D5A3;
			isa = PBXBuildFile;
			settings = {
			};
		};
		4B5A750605DAF43C0096D5A3 = {
			fileEncoding = 30;
			isa = PBXFileReference;
			lastKnownFileType = sourcecode.c.h;
			path = FFCocoaHedronView_APP.h;
			refType = 4;
			sourceTree = "<group>";
		};
		4B5A750705DAF43C0096D5A3 = {
			fileRef = 4B5A750605DAF43C0096D5A3;
			isa = PBXBuildFile;
			settings = {
			};
		};
		4B7BB48805DFE57C00611E84 = {
			isa = PBXFileReference;
			lastKnownFileType = image.tiff;
			path = fs.tif;
			refType = 4;
			sourceTree = "<group>";
		};
		4B7BB48905DFE57D00611E84 = {
			fileRef = 4B7BB48805DFE57C00611E84;
			isa = PBXBuildFile;
			settings = {
			};
		};
		4B7BB48A05DFE57D00611E84 = {
			fileRef = 4B7BB48805DFE57C00611E84;
			isa = PBXBuildFile;
			settings = {
			};
		};
		4B7E4B1A05DE926D00FAC147 = {
			fileRef = 4B1D32E205DE76100026C6C6;
			isa = PBXBuildFile;
			settings = {
			};
		};
		4B7E4B1B05DE928D00FAC147 = {
			fileRef = 4B1D32E305DE76100026C6C6;
			isa = PBXBuildFile;
			settings = {
			};
		};
		4B85C42B05DAD43300459B7C = {
			isa = PBXFileReference;
			lastKnownFileType = wrapper.nib;
			path = MainMenu.nib;
			refType = 4;
			sourceTree = "<group>";
		};
		4B85C42C05DAD43300459B7C = {
			fileRef = 4B85C42B05DAD43300459B7C;
			isa = PBXBuildFile;
			settings = {
			};
		};
		4B85C42E05DAD44200459B7C = {
			isa = PBXFileReference;
			lastKnownFileType = image.tiff;
			path = ff.tif;
			refType = 4;
			sourceTree = "<group>";
		};
		4B85C42F05DAD44200459B7C = {
			fileRef = 4B85C42E05DAD44200459B7C;
			isa = PBXBuildFile;
			settings = {
			};
		};
		4B85C43005DAD44200459B7C = {
			fileRef = 4B85C42E05DAD44200459B7C;
			isa = PBXBuildFile;
			settings = {
			};
		};
		4B85C43E05DAD63400459B7C = {
			children = (
				4B85C43F05DAD65300459B7C,
				4B85C44005DAD65300459B7C,
				4B85C44105DAD65300459B7C,
				4B85C44205DAD65300459B7C,
				4B85C44305DAD65300459B7C,
				4B85C44405DAD65300459B7C,
				4B85C44505DAD65300459B7C,
				4B85C44605DAD65300459B7C,
			);
			isa = PBXGroup;
			name = openGL;
			refType = 4;
			sourceTree = "<group>";
		};
		4B85C43F05DAD65300459B7C = {
			fileEncoding = 30;
			isa = PBXFileReference;
			lastKnownFileType = sourcecode.c.c;
			path = FFCam.c;
			refType = 4;
			sourceTree = "<group>";
		};
		4B85C44005DAD65300459B7C = {
			explicitFileType = sourcecode.c.h;
			fileEncoding = 30;
			isa = PBXFileReference;
			path = FFCam.h;
			refType = 4;
			sourceTree = "<group>";
		};
		4B85C44105DAD65300459B7C = {
			fileEncoding = 30;
			isa = PBXFileReference;
			lastKnownFileType = sourcecode.c.c;
			path = FFdraw.c;
			refType = 4;
			sourceTree = "<group>";
		};
		4B85C44205DAD65300459B7C = {
			fileEncoding = 30;
			isa = PBXFileReference;
			lastKnownFileType = sourcecode.c.h;
			path = FFdraw.h;
			refType = 4;
			sourceTree = "<group>";
		};
		4B85C44305DAD65300459B7C = {
			fileEncoding = 30;
			isa = PBXFileReference;
			lastKnownFileType = sourcecode.c.c;
			path = FFTetra.c;
			refType = 4;
			sourceTree = "<group>";
		};
		4B85C44405DAD65300459B7C = {
			fileEncoding = 30;
			isa = PBXFileReference;
			lastKnownFileType = sourcecode.c.h;
			path = FFTetra.h;
			refType = 4;
			sourceTree = "<group>";
		};
		4B85C44505DAD65300459B7C = {
			fileEncoding = 30;
			isa = PBXFileReference;
			lastKnownFileType = sourcecode.c.c;
			path = FFVektor.c;
			refType = 4;
			sourceTree = "<group>";
		};
		4B85C44605DAD65300459B7C = {
			fileEncoding = 30;
			isa = PBXFileReference;
			lastKnownFileType = sourcecode.c.h;
			path = FFVektor.h;
			refType = 4;
			sourceTree = "<group>";
		};
		4B85C44F05DAD65300459B7C = {
			fileRef = 4B85C43F05DAD65300459B7C;
			isa = PBXBuildFile;
			settings = {
			};
		};
		4B85C45005DAD65300459B7C = {
			fileRef = 4B85C44005DAD65300459B7C;
			isa = PBXBuildFile;
			settings = {
			};
		};
		4B85C45105DAD65300459B7C = {
			fileRef = 4B85C44105DAD65300459B7C;
			isa = PBXBuildFile;
			settings = {
			};
		};
		4B85C45205DAD65300459B7C = {
			fileRef = 4B85C44205DAD65300459B7C;
			isa = PBXBuildFile;
			settings = {
			};
		};
		4B85C45305DAD65300459B7C = {
			fileRef = 4B85C44305DAD65300459B7C;
			isa = PBXBuildFile;
			settings = {
			};
		};
		4B85C45405DAD65300459B7C = {
			fileRef = 4B85C44405DAD65300459B7C;
			isa = PBXBuildFile;
			settings = {
			};
		};
		4B85C45505DAD65300459B7C = {
			fileRef = 4B85C44505DAD65300459B7C;
			isa = PBXBuildFile;
			settings = {
			};
		};
		4B85C45605DAD65300459B7C = {
			fileRef = 4B85C44605DAD65300459B7C;
			isa = PBXBuildFile;
			settings = {
			};
		};
		4B85C45705DAD66400459B7C = {
			children = (
				4B85C45805DAD68300459B7C,
				4B85C45905DAD68300459B7C,
				4B1D32D505DE71A10026C6C6,
				4B1D32D605DE71A10026C6C6,
				4B85C45C05DAD68300459B7C,
				4B85C45D05DAD68300459B7C,
				4B1D32E205DE76100026C6C6,
				4B1D32E305DE76100026C6C6,
			);
			isa = PBXGroup;
			name = Sine;
			refType = 4;
			sourceTree = "<group>";
		};
		4B85C45805DAD68300459B7C = {
			fileEncoding = 30;
			isa = PBXFileReference;
			lastKnownFileType = sourcecode.c.h;
			path = FFSineButton.h;
			refType = 4;
			sourceTree = "<group>";
		};
		4B85C45905DAD68300459B7C = {
			fileEncoding = 30;
			isa = PBXFileReference;
			lastKnownFileType = sourcecode.c.objc;
			path = FFSineButton.m;
			refType = 4;
			sourceTree = "<group>";
		};
		4B85C45C05DAD68300459B7C = {
			fileEncoding = 30;
			isa = PBXFileReference;
			lastKnownFileType = sourcecode.c.h;
			path = FFSineView.h;
			refType = 4;
			sourceTree = "<group>";
		};
		4B85C45D05DAD68300459B7C = {
			fileEncoding = 30;
			isa = PBXFileReference;
			lastKnownFileType = sourcecode.c.objc;
			path = FFSineView.m;
			refType = 4;
			sourceTree = "<group>";
		};
		4B85C46405DAD68300459B7C = {
			fileRef = 4B85C45805DAD68300459B7C;
			isa = PBXBuildFile;
			settings = {
			};
		};
		4B85C46505DAD68300459B7C = {
			fileRef = 4B85C45905DAD68300459B7C;
			isa = PBXBuildFile;
			settings = {
			};
		};
		4B85C46805DAD68300459B7C = {
			fileRef = 4B85C45C05DAD68300459B7C;
			isa = PBXBuildFile;
			settings = {
			};
		};
		4B85C46905DAD68300459B7C = {
			fileRef = 4B85C45D05DAD68300459B7C;
			isa = PBXBuildFile;
			settings = {
			};
		};
		4B85C46A05DAD6A700459B7C = {
			isa = PBXFileReference;
			lastKnownFileType = wrapper.framework;
			name = OpenGL.framework;
			path = /System/Library/Frameworks/OpenGL.framework;
			refType = 0;
			sourceTree = "<absolute>";
		};
		4B85C46B05DAD6A700459B7C = {
			fileRef = 4B85C46A05DAD6A700459B7C;
			isa = PBXBuildFile;
			settings = {
			};
		};
		4B85C46C05DAD6A700459B7C = {
			fileRef = 4B85C46A05DAD6A700459B7C;
			isa = PBXBuildFile;
			settings = {
			};
		};
		4B85C47E05DAD6DA00459B7C = {
			fileEncoding = 30;
			isa = PBXFileReference;
			lastKnownFileType = sourcecode.c.h;
			path = FFController.h;
			refType = 4;
			sourceTree = "<group>";
		};
		4B85C47F05DAD6DA00459B7C = {
			fileEncoding = 30;
			isa = PBXFileReference;
			lastKnownFileType = sourcecode.c.objc;
			path = FFController.m;
			refType = 4;
			sourceTree = "<group>";
		};
		4B85C48205DAD6DA00459B7C = {
			fileRef = 4B85C47E05DAD6DA00459B7C;
			isa = PBXBuildFile;
			settings = {
			};
		};
		4B85C48305DAD6DA00459B7C = {
			fileRef = 4B85C47F05DAD6DA00459B7C;
			isa = PBXBuildFile;
			settings = {
			};
		};
		4B85C48405DAD6F800459B7C = {
			fileEncoding = 30;
			isa = PBXFileReference;
			lastKnownFileType = sourcecode.c.h;
			path = FFWindow.h;
			refType = 4;
			sourceTree = "<group>";
		};
		4B85C48505DAD6F800459B7C = {
			fileEncoding = 30;
			isa = PBXFileReference;
			lastKnownFileType = sourcecode.c.objc;
			path = FFWindow.m;
			refType = 4;
			sourceTree = "<group>";
		};
		4B85C48E05DAD86400459B7C = {
			fileRef = 4B85C45905DAD68300459B7C;
			isa = PBXBuildFile;
			settings = {
			};
		};
		4B85C49005DAD86400459B7C = {
			fileRef = 4B85C45D05DAD68300459B7C;
			isa = PBXBuildFile;
			settings = {
			};
		};
		4B85C49105DAD86B00459B7C = {
			fileRef = 4B85C45805DAD68300459B7C;
			isa = PBXBuildFile;
			settings = {
			};
		};
		4B85C49305DAD86B00459B7C = {
			fileRef = 4B85C45C05DAD68300459B7C;
			isa = PBXBuildFile;
			settings = {
			};
		};
		4BA239F405DD5CD7006A53FB = {
			fileRef = 06F27B2DFFEEEFEF11CA0E56;
			isa = PBXBuildFile;
			settings = {
			};
		};
		4BF098DC05DAF592008E4BAC = {
			fileEncoding = 30;
			isa = PBXFileReference;
			lastKnownFileType = sourcecode.c.h;
			path = FFCocoaHedronView.h;
			refType = 4;
			sourceTree = "<group>";
		};
		4BF098DD05DAF592008E4BAC = {
			fileRef = 4BF098DC05DAF592008E4BAC;
			isa = PBXBuildFile;
			settings = {
			};
		};
		4BF098DE05DAF592008E4BAC = {
			fileRef = 4BF098DC05DAF592008E4BAC;
			isa = PBXBuildFile;
			settings = {
			};
		};
		4BF098DF05DAF5A4008E4BAC = {
			fileEncoding = 30;
			isa = PBXFileReference;
			lastKnownFileType = sourcecode.c.h;
			path = FFCocoaHedronView_SAVER.h;
			refType = 4;
			sourceTree = "<group>";
		};
		4BF098E005DAF5A4008E4BAC = {
			fileRef = 4BF098DF05DAF5A4008E4BAC;
			isa = PBXBuildFile;
			settings = {
			};
		};
//4B0
//4B1
//4B2
//4B3
//4B4
//8D0
//8D1
//8D2
//8D3
//8D4
		8D255AC50486D3F9007BF209 = {
			buildPhases = (
				8D255AC60486D3F9007BF209,
				8D255AC90486D3F9007BF209,
				8D255ACB0486D3F9007BF209,
				8D255ACD0486D3F9007BF209,
				8D255AD00486D3F9007BF209,
			);
			buildRules = (
			);
			buildSettings = {
				FRAMEWORK_SEARCH_PATHS = "";
				GCC_ENABLE_TRIGRAPHS = NO;
				GCC_GENERATE_DEBUGGING_SYMBOLS = NO;
				GCC_PRECOMPILE_PREFIX_HEADER = YES;
				GCC_PREFIX_HEADER = CocoaHedron_Prefix.pch;
				GCC_WARN_ABOUT_MISSING_PROTOTYPES = NO;
				GCC_WARN_FOUR_CHARACTER_CONSTANTS = NO;
				GCC_WARN_UNINITIALIZED_AUTOS = NO;
				GCC_WARN_UNKNOWN_PRAGMAS = NO;
				GCC_WARN_UNUSED_FUNCTION = NO;
				GCC_WARN_UNUSED_LABEL = NO;
				GCC_WARN_UNUSED_PARAMETER = NO;
				GCC_WARN_UNUSED_VALUE = NO;
				GCC_WARN_UNUSED_VARIABLE = NO;
				HEADER_SEARCH_PATHS = "";
				INFOPLIST_FILE = Info.plist;
				INSTALL_PATH = "$(HOME)/Library/Screen Savers";
				LIBRARY_SEARCH_PATHS = "";
				OTHER_CFLAGS = "-DFF_SAVER";
				OTHER_LDFLAGS = "-noprebind";
				OTHER_REZFLAGS = "";
				PREBINDING = NO;
				PRODUCT_NAME = CocoaHedron;
				SECTORDER_FLAGS = "";
				WARNING_CFLAGS = "-Wall -Wno-four-char-constants -Wno-unknown-pragmas";
				WRAPPER_EXTENSION = saver;
				ZERO_LINK = NO;
			};
			dependencies = (
			);
			isa = PBXNativeTarget;
			name = CocoaHedronSaver;
			productInstallPath = "$(HOME)/Library/Screen Savers";
			productName = CocoaHedron;
			productReference = 8D255AD30486D3F9007BF209;
			productType = "com.apple.product-type.bundle";
		};
		8D255AC60486D3F9007BF209 = {
			buildActionMask = 2147483647;
			files = (
				8D255AC70486D3F9007BF209,
				4B85C45205DAD65300459B7C,
				4B85C45605DAD65300459B7C,
				4B85C45005DAD65300459B7C,
				4B85C45405DAD65300459B7C,
				4B1D32D705DE71A10026C6C6,
				4B7E4B1A05DE926D00FAC147,
				4B85C46805DAD68300459B7C,
				4B85C46405DAD68300459B7C,
				4B85C48205DAD6DA00459B7C,
				4BF098DE05DAF592008E4BAC,
				4BF098E005DAF5A4008E4BAC,
			);
			isa = PBXHeadersBuildPhase;
			runOnlyForDeploymentPostprocessing = 0;
		};
		8D255AC70486D3F9007BF209 = {
			fileRef = 32DBCFA80370C50100C91783;
			isa = PBXBuildFile;
			settings = {
			};
		};
		8D255AC90486D3F9007BF209 = {
			buildActionMask = 2147483647;
			files = (
				8D255ACA0486D3F9007BF209,
				4B85C43005DAD44200459B7C,
				4B5A750005DAEAF50096D5A3,
				4B7BB48905DFE57D00611E84,
				4B2692AC05E157BA001CFF8F,
			);
			isa = PBXResourcesBuildPhase;
			runOnlyForDeploymentPostprocessing = 0;
		};
		8D255ACA0486D3F9007BF209 = {
			fileRef = 089C167DFE841241C02AAC07;
			isa = PBXBuildFile;
			settings = {
			};
		};
		8D255ACB0486D3F9007BF209 = {
			buildActionMask = 2147483647;
			files = (
				4B85C44F05DAD65300459B7C,
				4B85C45105DAD65300459B7C,
				4B85C45305DAD65300459B7C,
				4B85C45505DAD65300459B7C,
				4B1D32D805DE71A10026C6C6,
				4B7E4B1B05DE928D00FAC147,
				4B85C46505DAD68300459B7C,
				4B85C46905DAD68300459B7C,
				4B85C48305DAD6DA00459B7C,
				4B5A750405DAF42E0096D5A3,
			);
			isa = PBXSourcesBuildPhase;
			runOnlyForDeploymentPostprocessing = 0;
		};
		8D255ACD0486D3F9007BF209 = {
			buildActionMask = 2147483647;
			files = (
				8D255ACE0486D3F9007BF209,
				8D255ACF0486D3F9007BF209,
				4B85C46C05DAD6A700459B7C,
			);
			isa = PBXFrameworksBuildPhase;
			runOnlyForDeploymentPostprocessing = 0;
		};
		8D255ACE0486D3F9007BF209 = {
			fileRef = 1058C7ADFEA557BF11CA2CBB;
			isa = PBXBuildFile;
			settings = {
			};
		};
		8D255ACF0486D3F9007BF209 = {
			fileRef = 06F27B2DFFEEEFEF11CA0E56;
			isa = PBXBuildFile;
			settings = {
			};
		};
		8D255AD00486D3F9007BF209 = {
			buildActionMask = 2147483647;
			files = (
			);
			isa = PBXRezBuildPhase;
			runOnlyForDeploymentPostprocessing = 0;
		};
		8D255AD20486D3F9007BF209 = {
			fileEncoding = 4;
			isa = PBXFileReference;
			lastKnownFileType = text.plist;
			path = Info.plist;
			refType = 4;
			sourceTree = "<group>";
		};
		8D255AD30486D3F9007BF209 = {
			explicitFileType = wrapper.cfbundle;
			includeInIndex = 0;
			isa = PBXFileReference;
			path = CocoaHedron.saver;
			refType = 3;
			sourceTree = BUILT_PRODUCTS_DIR;
		};
	};
	rootObject = 089C1669FE841209C02AAC07;
}
